
Microsoft Visual Studio Solution File, Format Version 12.00
# Visual Studio Version 17
VisualStudioVersion = 17.2.32526.322
MinimumVisualStudioVersion = 10.0.40219.1
Project("{FAE04EC0-301F-11D3-BF4B-00C04F79EFBC}") = "MealPlanAPI", "MealPlanAPI\MealPlanAPI.csproj", "{CF062281-5E35-496A-8B38-A87BC2B22A39}"
EndProject
Global
	GlobalSection(SolutionConfigurationPlatforms) = preSolution
		Debug|Any CPU = Debug|Any CPU
		Release|Any CPU = Release|Any CPU
	EndGlobalSection
	GlobalSection(ProjectConfigurationPlatforms) = postSolution
		{CF062281-5E35-496A-8B38-A87BC2B22A39}.Debug|Any CPU.ActiveCfg = Debug|Any CPU
		{CF062281-5E35-496A-8B38-A87BC2B22A39}.Debug|Any CPU.Build.0 = Debug|Any CPU
		{CF062281-5E35-496A-8B38-A87BC2B22A39}.Release|Any CPU.ActiveCfg = Release|Any CPU
		{CF062281-5E35-496A-8B38-A87BC2B22A39}.Release|Any CPU.Build.0 = Release|Any CPU
	EndGlobalSection
	GlobalSection(SolutionProperties) = preSolution
		HideSolutionNode = FALSE
	EndGlobalSection
	GlobalSection(ExtensibilityGlobals) = postSolution
		SolutionGuid = {034C1E62-3C06-4210-9853-EBDA9E6F3171}
	EndGlobalSection
EndGlobal
